github.com/corvus-ch/zbase32 v1.0.0 h1:pDV0qZ1g+HYA8P0PbULsgUg/tZue1FIjsZ7r7h4nZeU=
github.com/corvus-ch/zbase32 v1.0.0/go.mod h1:A7KLRecF1tysURyoqiJBvMJFmt/ccqkRdDTLjlQeVsU=
gopkg.in/corvus-ch/zbase32.v1 v1.0.0 h1:K4u1NprbDNvKPczKfHLbwdOWHTZ0zfv2ow71H1nRnFU=
gopkg.in/corvus-ch/zbase32.v1 v1.0.0/go.mod h1:T3oKkPOm4AV/bNXCNFUxRmlE9RUyBz/DSo0nK9U+c0Y=
